
Microsoft Visual Studio Solution File, Format Version 12.00
# Visual Studio Version 17
VisualStudioVersion = 17.10.35122.118
MinimumVisualStudioVersion = 10.0.40219.1
Project("{FAE04EC0-301F-11D3-BF4B-00C04F79EFBC}") = "Ev3_Y_O_C", "Ev3_Y_O_C\Ev3_Y_O_C.csproj", "{9844B917-4972-4FE6-A8BF-E9FF93EDE576}"
EndProject
Global
	GlobalSection(SolutionConfigurationPlatforms) = preSolution
		Debug|Any CPU = Debug|Any CPU
		Release|Any CPU = Release|Any CPU
	EndGlobalSection
	GlobalSection(ProjectConfigurationPlatforms) = postSolution
		{9844B917-4972-4FE6-A8BF-E9FF93EDE576}.Debug|Any CPU.ActiveCfg = Debug|Any CPU
		{9844B917-4972-4FE6-A8BF-E9FF93EDE576}.Debug|Any CPU.Build.0 = Debug|Any CPU
		{9844B917-4972-4FE6-A8BF-E9FF93EDE576}.Release|Any CPU.ActiveCfg = Release|Any CPU
		{9844B917-4972-4FE6-A8BF-E9FF93EDE576}.Release|Any CPU.Build.0 = Release|Any CPU
	EndGlobalSection
	GlobalSection(SolutionProperties) = preSolution
		HideSolutionNode = FALSE
	EndGlobalSection
	GlobalSection(ExtensibilityGlobals) = postSolution
		SolutionGuid = {EBBF26B7-E21B-4C90-A7A8-67628BC1AD56}
	EndGlobalSection
EndGlobal
